// !$*UTF8*$!
{
	archiveVersion = 1;
	classes = {
	};
	objectVersion = 56;
	objects = {

/* Begin PBXBuildFile section */
		BC71A5642A2275940066E736 /* mell_weather_appApp.swift in Sources */ = {isa = PBXBuildFile; fileRef = BC71A5632A2275940066E736 /* mell_weather_appApp.swift */; };
		BC71A5662A2275940066E736 /* ContentView.swift in Sources */ = {isa = PBXBuildFile; fileRef = BC71A5652A2275940066E736 /* ContentView.swift */; };
		BC71A5682A2275940066E736 /* Assets.xcassets in Resources */ = {isa = PBXBuildFile; fileRef = BC71A5672A2275940066E736 /* Assets.xcassets */; };
		BC71A56B2A2275940066E736 /* Preview Assets.xcassets in Resources */ = {isa = PBXBuildFile; fileRef = BC71A56A2A2275940066E736 /* Preview Assets.xcassets */; };
		BC71A5732A2279950066E736 /* LocationManager.swift in Sources */ = {isa = PBXBuildFile; fileRef = BC71A5722A2279950066E736 /* LocationManager.swift */; };
		BC71A5762A227B270066E736 /* WelcomeView.swift in Sources */ = {isa = PBXBuildFile; fileRef = BC71A5752A227B270066E736 /* WelcomeView.swift */; };
		BC71A5782A227DDF0066E736 /* LoadingView.swift in Sources */ = {isa = PBXBuildFile; fileRef = BC71A5772A227DDF0066E736 /* LoadingView.swift */; };
		BC71A5832A2287F50066E736 /* WeatherView.swift in Sources */ = {isa = PBXBuildFile; fileRef = BC71A5822A2287F50066E736 /* WeatherView.swift */; };
		BC71A5852A228D960066E736 /* Extensions.swift in Sources */ = {isa = PBXBuildFile; fileRef = BC71A5842A228D960066E736 /* Extensions.swift */; };
		BC71A5882A2290060066E736 /* WeatherRow.swift in Sources */ = {isa = PBXBuildFile; fileRef = BC71A5872A2290060066E736 /* WeatherRow.swift */; };
		BC810DAA2A27D4DB0022BD5A /* TenDaysForecastView.swift in Sources */ = {isa = PBXBuildFile; fileRef = BC810DA92A27D4DB0022BD5A /* TenDaysForecastView.swift */; };
		BC8280332A2525D700569626 /* HourlyForecastView.swift in Sources */ = {isa = PBXBuildFile; fileRef = BC8280322A2525D700569626 /* HourlyForecastView.swift */; };
		BCE652DC2A263F6700956282 /* CurrentWeatherDetailsView.swift in Sources */ = {isa = PBXBuildFile; fileRef = BCE652DB2A263F6700956282 /* CurrentWeatherDetailsView.swift */; };
		BCE652E02A26578C00956282 /* CurrentTemperatureRow.swift in Sources */ = {isa = PBXBuildFile; fileRef = BCE652DF2A26578C00956282 /* CurrentTemperatureRow.swift */; };
		BCE652E22A265BF100956282 /* DateAndCityRow.swift in Sources */ = {isa = PBXBuildFile; fileRef = BCE652E12A265BF100956282 /* DateAndCityRow.swift */; };
/* End PBXBuildFile section */

/* Begin PBXFileReference section */
		BC71A5602A2275940066E736 /* mell weather app.app */ = {isa = PBXFileReference; explicitFileType = wrapper.application; includeInIndex = 0; path = "mell weather app.app"; sourceTree = BUILT_PRODUCTS_DIR; };
		BC71A5632A2275940066E736 /* mell_weather_appApp.swift */ = {isa = PBXFileReference; lastKnownFileType = sourcecode.swift; path = mell_weather_appApp.swift; sourceTree = "<group>"; };
		BC71A5652A2275940066E736 /* ContentView.swift */ = {isa = PBXFileReference; lastKnownFileType = sourcecode.swift; path = ContentView.swift; sourceTree = "<group>"; };
		BC71A5672A2275940066E736 /* Assets.xcassets */ = {isa = PBXFileReference; lastKnownFileType = folder.assetcatalog; path = Assets.xcassets; sourceTree = "<group>"; };
		BC71A56A2A2275940066E736 /* Preview Assets.xcassets */ = {isa = PBXFileReference; lastKnownFileType = folder.assetcatalog; path = "Preview Assets.xcassets"; sourceTree = "<group>"; };
		BC71A5722A2279950066E736 /* LocationManager.swift */ = {isa = PBXFileReference; lastKnownFileType = sourcecode.swift; path = LocationManager.swift; sourceTree = "<group>"; };
		BC71A5752A227B270066E736 /* WelcomeView.swift */ = {isa = PBXFileReference; lastKnownFileType = sourcecode.swift; path = WelcomeView.swift; sourceTree = "<group>"; };
		BC71A5772A227DDF0066E736 /* LoadingView.swift */ = {isa = PBXFileReference; lastKnownFileType = sourcecode.swift; path = LoadingView.swift; sourceTree = "<group>"; };
		BC71A57C2A227F950066E736 /* WeatherKit.framework */ = {isa = PBXFileReference; lastKnownFileType = wrapper.framework; name = WeatherKit.framework; path = System/Library/Frameworks/WeatherKit.framework; sourceTree = SDKROOT; };
		BC71A5812A2285580066E736 /* mell weather app.entitlements */ = {isa = PBXFileReference; lastKnownFileType = text.plist.entitlements; path = "mell weather app.entitlements"; sourceTree = "<group>"; };
		BC71A5822A2287F50066E736 /* WeatherView.swift */ = {isa = PBXFileReference; lastKnownFileType = sourcecode.swift; path = WeatherView.swift; sourceTree = "<group>"; };
		BC71A5842A228D960066E736 /* Extensions.swift */ = {isa = PBXFileReference; lastKnownFileType = sourcecode.swift; path = Extensions.swift; sourceTree = "<group>"; };
		BC71A5872A2290060066E736 /* WeatherRow.swift */ = {isa = PBXFileReference; lastKnownFileType = sourcecode.swift; path = WeatherRow.swift; sourceTree = "<group>"; };
		BC810DA92A27D4DB0022BD5A /* TenDaysForecastView.swift */ = {isa = PBXFileReference; lastKnownFileType = sourcecode.swift; path = TenDaysForecastView.swift; sourceTree = "<group>"; };
		BC8280322A2525D700569626 /* HourlyForecastView.swift */ = {isa = PBXFileReference; lastKnownFileType = sourcecode.swift; path = HourlyForecastView.swift; sourceTree = "<group>"; };
		BCE652DB2A263F6700956282 /* CurrentWeatherDetailsView.swift */ = {isa = PBXFileReference; lastKnownFileType = sourcecode.swift; path = CurrentWeatherDetailsView.swift; sourceTree = "<group>"; };
		BCE652DF2A26578C00956282 /* CurrentTemperatureRow.swift */ = {isa = PBXFileReference; lastKnownFileType = sourcecode.swift; path = CurrentTemperatureRow.swift; sourceTree = "<group>"; };
		BCE652E12A265BF100956282 /* DateAndCityRow.swift */ = {isa = PBXFileReference; lastKnownFileType = sourcecode.swift; path = DateAndCityRow.swift; sourceTree = "<group>"; };
/* End PBXFileReference section */

/* Begin PBXFrameworksBuildPhase section */
		BC71A55D2A2275940066E736 /* Frameworks */ = {
			isa = PBXFrameworksBuildPhase;
			buildActionMask = 2147483647;
			files = (
			);
			runOnlyForDeploymentPostprocessing = 0;
		};
/* End PBXFrameworksBuildPhase section */

/* Begin PBXGroup section */
		BC71A5572A2275940066E736 = {
			isa = PBXGroup;
			children = (
				BC71A5862A228FF60066E736 /* Components */,
				BC71A5842A228D960066E736 /* Extensions.swift */,
				BC71A5742A227AC90066E736 /* Views */,
				BC71A5712A2279790066E736 /* Managers  */,
				BC71A5622A2275940066E736 /* mell weather app */,
				BC71A5612A2275940066E736 /* Products */,
				BC71A57B2A227F950066E736 /* Frameworks */,
			);
			sourceTree = "<group>";
		};
		BC71A5612A2275940066E736 /* Products */ = {
			isa = PBXGroup;
			children = (
				BC71A5602A2275940066E736 /* mell weather app.app */,
			);
			name = Products;
			sourceTree = "<group>";
		};
		BC71A5622A2275940066E736 /* mell weather app */ = {
			isa = PBXGroup;
			children = (
				BC71A5812A2285580066E736 /* mell weather app.entitlements */,
				BC71A5632A2275940066E736 /* mell_weather_appApp.swift */,
				BC71A5672A2275940066E736 /* Assets.xcassets */,
				BC71A5692A2275940066E736 /* Preview Content */,
			);
			path = "mell weather app";
			sourceTree = "<group>";
		};
		BC71A5692A2275940066E736 /* Preview Content */ = {
			isa = PBXGroup;
			children = (
				BC71A56A2A2275940066E736 /* Preview Assets.xcassets */,
			);
			path = "Preview Content";
			sourceTree = "<group>";
		};
		BC71A5712A2279790066E736 /* Managers  */ = {
			isa = PBXGroup;
			children = (
				BC71A5722A2279950066E736 /* LocationManager.swift */,
			);
			path = "Managers ";
			sourceTree = "<group>";
		};
		BC71A5742A227AC90066E736 /* Views */ = {
			isa = PBXGroup;
			children = (
				BC71A5652A2275940066E736 /* ContentView.swift */,
				BC71A5752A227B270066E736 /* WelcomeView.swift */,
				BC71A5772A227DDF0066E736 /* LoadingView.swift */,
				BC71A5822A2287F50066E736 /* WeatherView.swift */,
				BC8280322A2525D700569626 /* HourlyForecastView.swift */,
				BCE652DB2A263F6700956282 /* CurrentWeatherDetailsView.swift */,
				BC810DA92A27D4DB0022BD5A /* TenDaysForecastView.swift */,
			);
			path = Views;
			sourceTree = "<group>";
		};
		BC71A57B2A227F950066E736 /* Frameworks */ = {
			isa = PBXGroup;
			children = (
				BC71A57C2A227F950066E736 /* WeatherKit.framework */,
			);
			name = Frameworks;
			sourceTree = "<group>";
		};
		BC71A5862A228FF60066E736 /* Components */ = {
			isa = PBXGroup;
			children = (
				BC71A5872A2290060066E736 /* WeatherRow.swift */,
				BCE652DF2A26578C00956282 /* CurrentTemperatureRow.swift */,
				BCE652E12A265BF100956282 /* DateAndCityRow.swift */,
			);
			path = Components;
			sourceTree = "<group>";
		};
/* End PBXGroup section */

/* Begin PBXNativeTarget section */
		BC71A55F2A2275940066E736 /* mell weather app */ = {
			isa = PBXNativeTarget;
			buildConfigurationList = BC71A56E2A2275940066E736 /* Build configuration list for PBXNativeTarget "mell weather app" */;
			buildPhases = (
				BC71A55C2A2275940066E736 /* Sources */,
				BC71A55D2A2275940066E736 /* Frameworks */,
				BC71A55E2A2275940066E736 /* Resources */,
			);
			buildRules = (
			);
			dependencies = (
			);
			name = "mell weather app";
			productName = "mell weather app";
			productReference = BC71A5602A2275940066E736 /* mell weather app.app */;
			productType = "com.apple.product-type.application";
		};
/* End PBXNativeTarget section */

/* Begin PBXProject section */
		BC71A5582A2275940066E736 /* Project object */ = {
			isa = PBXProject;
			attributes = {
				BuildIndependentTargetsInParallel = 1;
				LastSwiftUpdateCheck = 1430;
				LastUpgradeCheck = 1430;
				TargetAttributes = {
					BC71A55F2A2275940066E736 = {
						CreatedOnToolsVersion = 14.3;
					};
				};
			};
			buildConfigurationList = BC71A55B2A2275940066E736 /* Build configuration list for PBXProject "mell weather app" */;
			compatibilityVersion = "Xcode 14.0";
			developmentRegion = en;
			hasScannedForEncodings = 0;
			knownRegions = (
				en,
				Base,
			);
			mainGroup = BC71A5572A2275940066E736;
			productRefGroup = BC71A5612A2275940066E736 /* Products */;
			projectDirPath = "";
			projectRoot = "";
			targets = (
				BC71A55F2A2275940066E736 /* mell weather app */,
			);
		};
/* End PBXProject section */

/* Begin PBXResourcesBuildPhase section */
		BC71A55E2A2275940066E736 /* Resources */ = {
			isa = PBXResourcesBuildPhase;
			buildActionMask = 2147483647;
			files = (
				BC71A56B2A2275940066E736 /* Preview Assets.xcassets in Resources */,
				BC71A5682A2275940066E736 /* Assets.xcassets in Resources */,
			);
			runOnlyForDeploymentPostprocessing = 0;
		};
/* End PBXResourcesBuildPhase section */

/* Begin PBXSourcesBuildPhase section */
		BC71A55C2A2275940066E736 /* Sources */ = {
			isa = PBXSourcesBuildPhase;
			buildActionMask = 2147483647;
			files = (
				BC71A5662A2275940066E736 /* ContentView.swift in Sources */,
				BC71A5642A2275940066E736 /* mell_weather_appApp.swift in Sources */,
				BCE652DC2A263F6700956282 /* CurrentWeatherDetailsView.swift in Sources */,
				BC71A5882A2290060066E736 /* WeatherRow.swift in Sources */,
				BC8280332A2525D700569626 /* HourlyForecastView.swift in Sources */,
				BC71A5852A228D960066E736 /* Extensions.swift in Sources */,
				BC71A5732A2279950066E736 /* LocationManager.swift in Sources */,
				BC810DAA2A27D4DB0022BD5A /* TenDaysForecastView.swift in Sources */,
				BC71A5782A227DDF0066E736 /* LoadingView.swift in Sources */,
				BCE652E02A26578C00956282 /* CurrentTemperatureRow.swift in Sources */,
				BCE652E22A265BF100956282 /* DateAndCityRow.swift in Sources */,
				BC71A5832A2287F50066E736 /* WeatherView.swift in Sources */,
				BC71A5762A227B270066E736 /* WelcomeView.swift in Sources */,
			);
			runOnlyForDeploymentPostprocessing = 0;
		};
/* End PBXSourcesBuildPhase section */

/* Begin XCBuildConfiguration section */
		BC71A56C2A2275940066E736 /* Debug */ = {
			isa = XCBuildConfiguration;
			buildSettings = {
				ALWAYS_SEARCH_USER_PATHS = NO;
				CLANG_ANALYZER_NONNULL = YES;
				CLANG_ANALYZER_NUMBER_OBJECT_CONVERSION = YES_AGGRESSIVE;
				CLANG_CXX_LANGUAGE_STANDARD = "gnu++20";
				CLANG_ENABLE_MODULES = YES;
				CLANG_ENABLE_OBJC_ARC = YES;
				CLANG_ENABLE_OBJC_WEAK = YES;
				CLANG_WARN_BLOCK_CAPTURE_AUTORELEASING = YES;
				CLANG_WARN_BOOL_CONVERSION = YES;
				CLANG_WARN_COMMA = YES;
				CLANG_WARN_CONSTANT_CONVERSION = YES;
				CLANG_WARN_DEPRECATED_OBJC_IMPLEMENTATIONS = YES;
				CLANG_WARN_DIRECT_OBJC_ISA_USAGE = YES_ERROR;
				CLANG_WARN_DOCUMENTATION_COMMENTS = YES;
				CLANG_WARN_EMPTY_BODY = YES;
				CLANG_WARN_ENUM_CONVERSION = YES;
				CLANG_WARN_INFINITE_RECURSION = YES;
				CLANG_WARN_INT_CONVERSION = YES;
				CLANG_WARN_NON_LITERAL_NULL_CONVERSION = YES;
				CLANG_WARN_OBJC_IMPLICIT_RETAIN_SELF = YES;
				CLANG_WARN_OBJC_LITERAL_CONVERSION = YES;
				CLANG_WARN_OBJC_ROOT_CLASS = YES_ERROR;
				CLANG_WARN_QUOTED_INCLUDE_IN_FRAMEWORK_HEADER = YES;
				CLANG_WARN_RANGE_LOOP_ANALYSIS = YES;
				CLANG_WARN_STRICT_PROTOTYPES = YES;
				CLANG_WARN_SUSPICIOUS_MOVE = YES;
				CLANG_WARN_UNGUARDED_AVAILABILITY = YES_AGGRESSIVE;
				CLANG_WARN_UNREACHABLE_CODE = YES;
				CLANG_WARN__DUPLICATE_METHOD_MATCH = YES;
				COPY_PHASE_STRIP = NO;
				DEBUG_INFORMATION_FORMAT = dwarf;
				ENABLE_STRICT_OBJC_MSGSEND = YES;
				ENABLE_TESTABILITY = YES;
				GCC_C_LANGUAGE_STANDARD = gnu11;
				GCC_DYNAMIC_NO_PIC = NO;
				GCC_NO_COMMON_BLOCKS = YES;
				GCC_OPTIMIZATION_LEVEL = 0;
				GCC_PREPROCESSOR_DEFINITIONS = (
					"DEBUG=1",
					"$(inherited)",
				);
				GCC_WARN_64_TO_32_BIT_CONVERSION = YES;
				GCC_WARN_ABOUT_RETURN_TYPE = YES_ERROR;
				GCC_WARN_UNDECLARED_SELECTOR = YES;
				GCC_WARN_UNINITIALIZED_AUTOS = YES_AGGRESSIVE;
				GCC_WARN_UNUSED_FUNCTION = YES;
				GCC_WARN_UNUSED_VARIABLE = YES;
				IPHONEOS_DEPLOYMENT_TARGET = 16.4;
				MTL_ENABLE_DEBUG_INFO = INCLUDE_SOURCE;
				MTL_FAST_MATH = YES;
				ONLY_ACTIVE_ARCH = YES;
				SDKROOT = iphoneos;
				SWIFT_ACTIVE_COMPILATION_CONDITIONS = DEBUG;
				SWIFT_OPTIMIZATION_LEVEL = "-Onone";
			};
			name = Debug;
		};
		BC71A56D2A2275940066E736 /* Release */ = {
			isa = XCBuildConfiguration;
			buildSettings = {
				ALWAYS_SEARCH_USER_PATHS = NO;
				CLANG_ANALYZER_NONNULL = YES;
				CLANG_ANALYZER_NUMBER_OBJECT_CONVERSION = YES_AGGRESSIVE;
				CLANG_CXX_LANGUAGE_STANDARD = "gnu++20";
				CLANG_ENABLE_MODULES = YES;
				CLANG_ENABLE_OBJC_ARC = YES;
				CLANG_ENABLE_OBJC_WEAK = YES;
				CLANG_WARN_BLOCK_CAPTURE_AUTORELEASING = YES;
				CLANG_WARN_BOOL_CONVERSION = YES;
				CLANG_WARN_COMMA = YES;
				CLANG_WARN_CONSTANT_CONVERSION = YES;
				CLANG_WARN_DEPRECATED_OBJC_IMPLEMENTATIONS = YES;
				CLANG_WARN_DIRECT_OBJC_ISA_USAGE = YES_ERROR;
				CLANG_WARN_DOCUMENTATION_COMMENTS = YES;
				CLANG_WARN_EMPTY_BODY = YES;
				CLANG_WARN_ENUM_CONVERSION = YES;
				CLANG_WARN_INFINITE_RECURSION = YES;
				CLANG_WARN_INT_CONVERSION = YES;
				CLANG_WARN_NON_LITERAL_NULL_CONVERSION = YES;
				CLANG_WARN_OBJC_IMPLICIT_RETAIN_SELF = YES;
				CLANG_WARN_OBJC_LITERAL_CONVERSION = YES;
				CLANG_WARN_OBJC_ROOT_CLASS = YES_ERROR;
				CLANG_WARN_QUOTED_INCLUDE_IN_FRAMEWORK_HEADER = YES;
				CLANG_WARN_RANGE_LOOP_ANALYSIS = YES;
				CLANG_WARN_STRICT_PROTOTYPES = YES;
				CLANG_WARN_SUSPICIOUS_MOVE = YES;
				CLANG_WARN_UNGUARDED_AVAILABILITY = YES_AGGRESSIVE;
				CLANG_WARN_UNREACHABLE_CODE = YES;
				CLANG_WARN__DUPLICATE_METHOD_MATCH = YES;
				COPY_PHASE_STRIP = NO;
				DEBUG_INFORMATION_FORMAT = "dwarf-with-dsym";
				ENABLE_NS_ASSERTIONS = NO;
				ENABLE_STRICT_OBJC_MSGSEND = YES;
				GCC_C_LANGUAGE_STANDARD = gnu11;
				GCC_NO_COMMON_BLOCKS = YES;
				GCC_WARN_64_TO_32_BIT_CONVERSION = YES;
				GCC_WARN_ABOUT_RETURN_TYPE = YES_ERROR;
				GCC_WARN_UNDECLARED_SELECTOR = YES;
				GCC_WARN_UNINITIALIZED_AUTOS = YES_AGGRESSIVE;
				GCC_WARN_UNUSED_FUNCTION = YES;
				GCC_WARN_UNUSED_VARIABLE = YES;
				IPHONEOS_DEPLOYMENT_TARGET = 16.4;
				MTL_ENABLE_DEBUG_INFO = NO;
				MTL_FAST_MATH = YES;
				SDKROOT = iphoneos;
				SWIFT_COMPILATION_MODE = wholemodule;
				SWIFT_OPTIMIZATION_LEVEL = "-O";
				VALIDATE_PRODUCT = YES;
			};
			name = Release;
		};
		BC71A56F2A2275940066E736 /* Debug */ = {
			isa = XCBuildConfiguration;
			buildSettings = {
				ASSETCATALOG_COMPILER_APPICON_NAME = AppIcon;
				ASSETCATALOG_COMPILER_GLOBAL_ACCENT_COLOR_NAME = AccentColor;
				CODE_SIGN_ENTITLEMENTS = "mell weather app/mell weather app.entitlements";
				CODE_SIGN_STYLE = Automatic;
				CURRENT_PROJECT_VERSION = 1;
				DEVELOPMENT_ASSET_PATHS = "\"mell weather app/Preview Content\"";
				DEVELOPMENT_TEAM = X5F5RXLH5X;
				ENABLE_PREVIEWS = YES;
				GENERATE_INFOPLIST_FILE = YES;
				INFOPLIST_KEY_LSApplicationCategoryType = "";
				INFOPLIST_KEY_NSLocationAlwaysAndWhenInUseUsageDescription = "Weather app requesting your location";
				INFOPLIST_KEY_NSLocationWhenInUseUsageDescription = "Weather app requesting your location";
				INFOPLIST_KEY_UIApplicationSceneManifest_Generation = YES;
				INFOPLIST_KEY_UIApplicationSupportsIndirectInputEvents = YES;
				INFOPLIST_KEY_UILaunchScreen_Generation = YES;
				INFOPLIST_KEY_UISupportedInterfaceOrientations_iPad = "UIInterfaceOrientationPortrait UIInterfaceOrientationPortraitUpsideDown UIInterfaceOrientationLandscapeLeft UIInterfaceOrientationLandscapeRight";
				INFOPLIST_KEY_UISupportedInterfaceOrientations_iPhone = "UIInterfaceOrientationPortrait UIInterfaceOrientationLandscapeLeft UIInterfaceOrientationLandscapeRight";
				IPHONEOS_DEPLOYMENT_TARGET = 16.0;
				LD_RUNPATH_SEARCH_PATHS = (
					"$(inherited)",
					"@executable_path/Frameworks",
				);
				MARKETING_VERSION = 1.0;
				PRODUCT_BUNDLE_IDENTIFIER = "com.brunacrespomello.mell-weather-app";
				PRODUCT_NAME = "$(TARGET_NAME)";
				SWIFT_EMIT_LOC_STRINGS = YES;
				SWIFT_VERSION = 5.0;
				TARGETED_DEVICE_FAMILY = "1,2";
			};
			name = Debug;
		};
		BC71A5702A2275940066E736 /* Release */ = {
			isa = XCBuildConfiguration;
			buildSettings = {
				ASSETCATALOG_COMPILER_APPICON_NAME = AppIcon;
				ASSETCATALOG_COMPILER_GLOBAL_ACCENT_COLOR_NAME = AccentColor;
				CODE_SIGN_ENTITLEMENTS = "mell weather app/mell weather app.entitlements";
				CODE_SIGN_STYLE = Automatic;
				CURRENT_PROJECT_VERSION = 1;
				DEVELOPMENT_ASSET_PATHS = "\"mell weather app/Preview Content\"";
				DEVELOPMENT_TEAM = X5F5RXLH5X;
				ENABLE_PREVIEWS = YES;
				GENERATE_INFOPLIST_FILE = YES;
				INFOPLIST_KEY_LSApplicationCategoryType = "";
				INFOPLIST_KEY_NSLocationAlwaysAndWhenInUseUsageDescription = "Weather app requesting your location";
				INFOPLIST_KEY_NSLocationWhenInUseUsageDescription = "Weather app requesting your location";
				INFOPLIST_KEY_UIApplicationSceneManifest_Generation = YES;
				INFOPLIST_KEY_UIApplicationSupportsIndirectInputEvents = YES;
				INFOPLIST_KEY_UILaunchScreen_Generation = YES;
				INFOPLIST_KEY_UISupportedInterfaceOrientations_iPad = "UIInterfaceOrientationPortrait UIInterfaceOrientationPortraitUpsideDown UIInterfaceOrientationLandscapeLeft UIInterfaceOrientationLandscapeRight";
				INFOPLIST_KEY_UISupportedInterfaceOrientations_iPhone = "UIInterfaceOrientationPortrait UIInterfaceOrientationLandscapeLeft UIInterfaceOrientationLandscapeRight";
				IPHONEOS_DEPLOYMENT_TARGET = 16.0;
				LD_RUNPATH_SEARCH_PATHS = (
					"$(inherited)",
					"@executable_path/Frameworks",
				);
				MARKETING_VERSION = 1.0;
				PRODUCT_BUNDLE_IDENTIFIER = "com.brunacrespomello.mell-weather-app";
				PRODUCT_NAME = "$(TARGET_NAME)";
				SWIFT_EMIT_LOC_STRINGS = YES;
				SWIFT_VERSION = 5.0;
				TARGETED_DEVICE_FAMILY = "1,2";
			};
			name = Release;
		};
/* End XCBuildConfiguration section */

/* Begin XCConfigurationList section */
		BC71A55B2A2275940066E736 /* Build configuration list for PBXProject "mell weather app" */ = {
			isa = XCConfigurationList;
			buildConfigurations = (
				BC71A56C2A2275940066E736 /* Debug */,
				BC71A56D2A2275940066E736 /* Release */,
			);
			defaultConfigurationIsVisible = 0;
			defaultConfigurationName = Release;
		};
		BC71A56E2A2275940066E736 /* Build configuration list for PBXNativeTarget "mell weather app" */ = {
			isa = XCConfigurationList;
			buildConfigurations = (
				BC71A56F2A2275940066E736 /* Debug */,
				BC71A5702A2275940066E736 /* Release */,
			);
			defaultConfigurationIsVisible = 0;
			defaultConfigurationName = Release;
		};
/* End XCConfigurationList section */
	};
	rootObject = BC71A5582A2275940066E736 /* Project object */;
}
